// !$*UTF8*$!
{
	archiveVersion = 1;
	classes = {
	};
	objectVersion = 77;
	objects = {

/* Begin PBXBuildFile section */
		01124856268E23433D444C16 /* CoreHaptics.framework in Frameworks */ = {isa = PBXBuildFile; fileRef = FBEC8089944D28960093384B /* CoreHaptics.framework */; };
		016E768E1C161FF662218218 /* AVFoundation.framework in Frameworks */ = {isa = PBXBuildFile; fileRef = BAF08DCCD51E6F22B5F78A8C /* AVFoundation.framework */; };
		04DA84EF05F144F8906E41BB /* TableFactory.swift in Sources */ = {isa = PBXBuildFile; fileRef = A96420AD01794D998682DFD7 /* TableFactory.swift */; };
		0631B35B81718FDB4AA4FE16 /* HapticManager.swift in Sources */ = {isa = PBXBuildFile; fileRef = D657A83AC2161CD19ADDD33E /* HapticManager.swift */; };
		08BE6A9AE5B68497FE2F9089 /* AimAssistPolicy.swift in Sources */ = {isa = PBXBuildFile; fileRef = 09F473CCA4D409F02D02E2B4 /* AimAssistPolicy.swift */; };
		0B04F16C677ECE147409A866 /* CupFactory.swift in Sources */ = {isa = PBXBuildFile; fileRef = B74630B560DA98B2B9431F00 /* CupFactory.swift */; };
		0B55B2E3C43A6530203143F5 /* Tournament.swift in Sources */ = {isa = PBXBuildFile; fileRef = D03EBBC69EC24043BBCB7F54 /* Tournament.swift */; };
		0CEF18B460AEF8F3DEDAC870 /* WinnerCelebrationView.swift in Sources */ = {isa = PBXBuildFile; fileRef = 9394D5413254E5771A88AB1E /* WinnerCelebrationView.swift */; };
		110928C157F9E9F9F290B3A4 /* ChallengeDefinition.swift in Sources */ = {isa = PBXBuildFile; fileRef = F22CABB23A7B7D3B0636960B /* ChallengeDefinition.swift */; };
		114CC95C0B49F76F58782B9B /* ChallengeStore.swift in Sources */ = {isa = PBXBuildFile; fileRef = 65BF4E976E2ABBC033489E68 /* ChallengeStore.swift */; };
		12C7ADC112A2542DD140735A /* HomeView.swift in Sources */ = {isa = PBXBuildFile; fileRef = 4617C5483B61D864E03EC3E2 /* HomeView.swift */; };
		140692502F41451DEC447095 /* BallStyleCard.swift in Sources */ = {isa = PBXBuildFile; fileRef = 8ADB4572847E26F53662BBB3 /* BallStyleCard.swift */; };
		1B9CD2B43944355296A1CE99 /* PersistenceManager.swift in Sources */ = {isa = PBXBuildFile; fileRef = B109AE0D2DA3B1DAE5F8F93E /* PersistenceManager.swift */; };
		1D10BC1302BB3EAAFB632B93 /* GameCenterSocialPanel.swift in Sources */ = {isa = PBXBuildFile; fileRef = C35F3186A87BDC9299E5E002 /* GameCenterSocialPanel.swift */; };
		20B2399C905E3CF9EA03C077 /* MatchState.swift in Sources */ = {isa = PBXBuildFile; fileRef = 01484363B5769CAABC363406 /* MatchState.swift */; };
		224BC31D41DBC96974B0B554 /* CollisionGroups.swift in Sources */ = {isa = PBXBuildFile; fileRef = D7B5F70B224B1713DD04915E /* CollisionGroups.swift */; };
		27A5EBF5C5263AEF0A62ACF7 /* OnlineMatchModels.swift in Sources */ = {isa = PBXBuildFile; fileRef = E9D444783F415A6CC4A5D981 /* OnlineMatchModels.swift */; };
		28EA950D1E3C26F155CCE37D /* PlayerProfile.swift in Sources */ = {isa = PBXBuildFile; fileRef = 212611FE7A87D606D2DB02A3 /* PlayerProfile.swift */; };
		2E659A24394128833EA81B6A /* AppConstants.swift in Sources */ = {isa = PBXBuildFile; fileRef = 2D6F9FBF1F0AA4435F11AB6B /* AppConstants.swift */; };
		2FF318E9D93A5CF2BDB05A82 /* GlassPanel.swift in Sources */ = {isa = PBXBuildFile; fileRef = 6DF10D2CF13E4A32395DD3D9 /* GlassPanel.swift */; };
		32E4E467AABECAA4AE2CFD6B /* AchievementsView.swift in Sources */ = {isa = PBXBuildFile; fileRef = 24E90EF586695250FAAF9F21 /* AchievementsView.swift */; };
		393AFEC50CF4B5075A83DF69 /* MatchSetupView.swift in Sources */ = {isa = PBXBuildFile; fileRef = AAD161A19949B947C1BCB4EB /* MatchSetupView.swift */; };
		3AD362AAF8AC7D6B68D35A34 /* LockerView.swift in Sources */ = {isa = PBXBuildFile; fileRef = A6CFA49A2CF998EFED5E2AC3 /* LockerView.swift */; };
		3C9014D8DEF556651EE5EAA5 /* RootView.swift in Sources */ = {isa = PBXBuildFile; fileRef = 79E4E689F744D2705BBAFD20 /* RootView.swift */; };
		40815D0CE0749AB43A948444 /* ProfileView.swift in Sources */ = {isa = PBXBuildFile; fileRef = E8ACAEF858E0A71E532CA9BD /* ProfileView.swift */; };
		43117E7F78F67E8229FC00A4 /* RewardTests.swift in Sources */ = {isa = PBXBuildFile; fileRef = F39373D810323FBED7807286 /* RewardTests.swift */; };
		45DB9EF14B1B83042B8B0141 /* ModeCardView.swift in Sources */ = {isa = PBXBuildFile; fileRef = 6DA7BBA23D34CDDB7A9B4461 /* ModeCardView.swift */; };
		47358862DE3098C83A70703F /* TrajectoryCalculator.swift in Sources */ = {isa = PBXBuildFile; fileRef = 51F00BB3782AE64D5C4703EC /* TrajectoryCalculator.swift */; };
		4745F43F606F77B400C9910C /* CupRackBuilder.swift in Sources */ = {isa = PBXBuildFile; fileRef = 52FEC86D4DCA79137B6F5D24 /* CupRackBuilder.swift */; };
		49052E8E91679D19778D9D44 /* ThrowInputController.swift in Sources */ = {isa = PBXBuildFile; fileRef = 0095D8D49BD9A8E54D81C648 /* ThrowInputController.swift */; };
		4A82DF87725823F5D2212522 /* RewardManager.swift in Sources */ = {isa = PBXBuildFile; fileRef = C3B5FEBC4265A8B11B539EA6 /* RewardManager.swift */; };
		4C1567AB07EE8F4C6296CC9B /* FormationLayout.swift in Sources */ = {isa = PBXBuildFile; fileRef = C6B06E0B0FFB60C334112B8D /* FormationLayout.swift */; };
		4D4305F937816499D8D98CA1 /* HowToPlayView.swift in Sources */ = {isa = PBXBuildFile; fileRef = 385FF0AEDC4B6D42F4A76250 /* HowToPlayView.swift */; };
		4F52E409406A8BF9C3FD2671 /* CosmeticAndAITests.swift in Sources */ = {isa = PBXBuildFile; fileRef = 70EA4917CD79595C9E98BF99 /* CosmeticAndAITests.swift */; };
		528B1E2FE320D3AEB522E962 /* DifficultyBalanceTests.swift in Sources */ = {isa = PBXBuildFile; fileRef = B60A4B1A336F96054AF432F8 /* DifficultyBalanceTests.swift */; };
		531907D9C3F9579F68DFC25F /* LeaderboardsView.swift in Sources */ = {isa = PBXBuildFile; fileRef = 11A422B8F47DCEA4D50CFF97 /* LeaderboardsView.swift */; };
		560511FFC4B13F2DDB7AAA09 /* LevelProgressView.swift in Sources */ = {isa = PBXBuildFile; fileRef = 510788BCC647BCC1DC00AEF0 /* LevelProgressView.swift */; };
		5AFC49E299A3D4386FAC4CF9 /* sfx_table.wav in Resources */ = {isa = PBXBuildFile; fileRef = D2AF228FD88E2C1A65F49773 /* sfx_table.wav */; };
		5B2C969B351ED50FB481D5AF /* CupClashGameView.swift in Sources */ = {isa = PBXBuildFile; fileRef = 84B392C346BC2282513A6D9A /* CupClashGameView.swift */; };
		5E7B9EB3A239FCE6DDE568E7 /* LocalScoreboard.swift in Sources */ = {isa = PBXBuildFile; fileRef = 7E5DF25125D1D9B327C5CF88 /* LocalScoreboard.swift */; };
		6602B0936C2C2172B9B21941 /* sfx_coins.wav in Resources */ = {isa = PBXBuildFile; fileRef = 592C109BA6E17BA5DB9677CB /* sfx_coins.wav */; };
		66830270E050B957164709F9 /* AIPlayerController.swift in Sources */ = {isa = PBXBuildFile; fileRef = 1E69885B3A7B38AC224F2F9A /* AIPlayerController.swift */; };
		67A007636C0D32A3B51C552C /* SettingsView.swift in Sources */ = {isa = PBXBuildFile; fileRef = 4FD75BEDA0EF133BD7E26E22 /* SettingsView.swift */; };
		67EC44C03F6EDD75DD2A1638 /* sfx_throw.wav in Resources */ = {isa = PBXBuildFile; fileRef = E3FBA69C920812A6ED414891 /* sfx_throw.wav */; };
		6890D8C15134EC7E2573ABCA /* AudioManager.swift in Sources */ = {isa = PBXBuildFile; fileRef = 6BAA37D02EA19E0C52197CDF /* AudioManager.swift */; };
		6905C8EB08C27B852F6F4BDD /* sfx_defeat.wav in Resources */ = {isa = PBXBuildFile; fileRef = 8E158E2265CE7FBB06848FEF /* sfx_defeat.wav */; };
		69AE318989C229C9CDAD180D /* PrimaryButton.swift in Sources */ = {isa = PBXBuildFile; fileRef = B08CAF98E1C55D1E6B475FE3 /* PrimaryButton.swift */; };
		6ACE9B342097FD91B150326D /* GameSettings.swift in Sources */ = {isa = PBXBuildFile; fileRef = 360C50CBB28A197878CA363A /* GameSettings.swift */; };
		6D0CD6C5F7420DA46120F4F4 /* AppRouter.swift in Sources */ = {isa = PBXBuildFile; fileRef = F36531E9B5CF07F057E5A9BF /* AppRouter.swift */; };
		6EE700AB806E4125C6E86A64 /* MatchConfiguration.swift in Sources */ = {isa = PBXBuildFile; fileRef = 92DF14CBE5E7AB81E1FB0668 /* MatchConfiguration.swift */; };
		7088C1B14705256C69A42870 /* TournamentStore.swift in Sources */ = {isa = PBXBuildFile; fileRef = A2625FBCBD254D9C1770AECA /* TournamentStore.swift */; };
		72784479EC180102AC73D263 /* PracticeView.swift in Sources */ = {isa = PBXBuildFile; fileRef = 85BADB54EAAEAC06CCBC6709 /* PracticeView.swift */; };
		73D6F0A5673C029A9330B17B /* DifficultyPicker.swift in Sources */ = {isa = PBXBuildFile; fileRef = D8188BF9D7ED6D3260E6DDCF /* DifficultyPicker.swift */; };
		75AD4B7775843458213DAC32 /* sfx_victory.wav in Resources */ = {isa = PBXBuildFile; fileRef = 016C86C248A72AFD9C0048A6 /* sfx_victory.wav */; };
		77AB0F61FE41E0E08C8E26C4 /* PlayerHeaderView.swift in Sources */ = {isa = PBXBuildFile; fileRef = 9183CDD1CE757F09554E6AF6 /* PlayerHeaderView.swift */; };
		77CB433A3A83AFEEA2BE1274 /* CupStyleCard.swift in Sources */ = {isa = PBXBuildFile; fileRef = 2DA1D2DFB04F6A3AECDBB20B /* CupStyleCard.swift */; };
		77DF2460F576CA6D372B6A88 /* CupStyle.swift in Sources */ = {isa = PBXBuildFile; fileRef = 2A56552FD0DB7D972A10BB80 /* CupStyle.swift */; };
		7B0C1D4B54C1FDA50098FBED /* AimPowerControl.swift in Sources */ = {isa = PBXBuildFile; fileRef = 49FF91BD0266B49D77EF9D84 /* AimPowerControl.swift */; };
		7D06D71B1814AD6C144AB7BC /* GameCameraController.swift in Sources */ = {isa = PBXBuildFile; fileRef = 8A171BA56B98230298FCDEAA /* GameCameraController.swift */; };
		7D23081C5441A3B0AF9BA1D7 /* RealityKit.framework in Frameworks */ = {isa = PBXBuildFile; fileRef = 82048B62B9FFF1C6F64E87B9 /* RealityKit.framework */; };
		7E0A1BFB761FA839722CF04D /* RealityGameContainer.swift in Sources */ = {isa = PBXBuildFile; fileRef = 639E66E5622DD12435EA7FA2 /* RealityGameContainer.swift */; };
		7F9FAE308055C7029BC33E06 /* StatisticsView.swift in Sources */ = {isa = PBXBuildFile; fileRef = F043EE40FA5DF2DFDF61CCA3 /* StatisticsView.swift */; };
		8392E0E2EC17FC3C73870340 /* MatchResultsView.swift in Sources */ = {isa = PBXBuildFile; fileRef = 9E2CB2A2BF72745E88DA77F7 /* MatchResultsView.swift */; };
		8474137A6543EA04071E239C /* DailyChallenge.swift in Sources */ = {isa = PBXBuildFile; fileRef = 5CC8F0536217616391B7B76D /* DailyChallenge.swift */; };
		8535724EF40EDE98BA0B80BC /* AchievementDefinition.swift in Sources */ = {isa = PBXBuildFile; fileRef = 06A1CD16784609DD0AF00719 /* AchievementDefinition.swift */; };
		8A6AC482AB5A54C369649B22 /* GameSceneController.swift in Sources */ = {isa = PBXBuildFile; fileRef = 2518D558AFF90A72C5FA34C1 /* GameSceneController.swift */; };
		8A7F8D18E729C0A82A7C427D /* Combine.framework in Frameworks */ = {isa = PBXBuildFile; fileRef = 2729265E19CFF43F1DD8AE3D /* Combine.framework */; };
		8F20ED69F5F9C7372666276E /* SwiftData.framework in Frameworks */ = {isa = PBXBuildFile; fileRef = EFC286D0D5300BDCC697ECAB /* SwiftData.framework */; };
		929353B59491877963175BE1 /* CupCountPicker.swift in Sources */ = {isa = PBXBuildFile; fileRef = 34E662FEBC2EDED564EBDD89 /* CupCountPicker.swift */; };
		932A23E38C48BA6F74AADC27 /* ArenaFactory.swift in Sources */ = {isa = PBXBuildFile; fileRef = 03AB1E735B65435A8C4157C5 /* ArenaFactory.swift */; };
		97D7D64D787C0BB838C926BE /* sfx_rim.wav in Resources */ = {isa = PBXBuildFile; fileRef = 3244FA81343E2C544B97A69D /* sfx_rim.wav */; };
		99A5EC6A6C4020B4D018E65D /* TournamentHubView.swift in Sources */ = {isa = PBXBuildFile; fileRef = D58C2243E693CF42117A6D06 /* TournamentHubView.swift */; };
		99D6FFF4BCA1A93818C7F18A /* ArenaStyle.swift in Sources */ = {isa = PBXBuildFile; fileRef = 9CA18061AD7BE008A2A7B7E0 /* ArenaStyle.swift */; };
		9A1825C512870BB2E01FE83F /* CareerFeaturesTests.swift in Sources */ = {isa = PBXBuildFile; fileRef = 040F5D2944150F8468543EE3 /* CareerFeaturesTests.swift */; };
		9ED9FBD8A64A671317EB0294 /* CupClashApp.swift in Sources */ = {isa = PBXBuildFile; fileRef = E7DAE63BC84C2ECF9348385C /* CupClashApp.swift */; };
		9F53777A2501FA5A3C294280 /* ShotEvaluator.swift in Sources */ = {isa = PBXBuildFile; fileRef = A01D9E8107F744CAE76C1D7C /* ShotEvaluator.swift */; };
		A2F012D23BBBF249E933A303 /* PauseMenuView.swift in Sources */ = {isa = PBXBuildFile; fileRef = E07F5426BCE536F1824EB77B /* PauseMenuView.swift */; };
		A78B254A8ACE036C01377673 /* FormationPicker.swift in Sources */ = {isa = PBXBuildFile; fileRef = A31001610EB230E28AEA7DFF /* FormationPicker.swift */; };
		A79AB2529148140532ED8053 /* Extensions.swift in Sources */ = {isa = PBXBuildFile; fileRef = 7B52AA6332D073121F206D40 /* Extensions.swift */; };
		A908C7BCB5B35FC00F33576E /* CoinBadge.swift in Sources */ = {isa = PBXBuildFile; fileRef = 72B0F72683E14B8D6A0FE27C /* CoinBadge.swift */; };
		ACD68D506CDFA2607D41CBD9 /* BallStyle.swift in Sources */ = {isa = PBXBuildFile; fileRef = 301B86B7A4ABA670726AF102 /* BallStyle.swift */; };
		AEC783018E94B39DE5B247B5 /* MissHintTests.swift in Sources */ = {isa = PBXBuildFile; fileRef = 3ADE9C3AD58C0CDE79751918 /* MissHintTests.swift */; };
		B0614099241FE138F9420E26 /* GameplayHUD.swift in Sources */ = {isa = PBXBuildFile; fileRef = 0B369A196C21A5B8D0F824D2 /* GameplayHUD.swift */; };
		B7082485805F11D9ED62641B /* MatchResult.swift in Sources */ = {isa = PBXBuildFile; fileRef = C192CF4C6EA907AE3F1BC499 /* MatchResult.swift */; };
		B7A272E2F4AC3FA563F9127D /* sfx_levelup.wav in Resources */ = {isa = PBXBuildFile; fileRef = 0C6B978A7B6A84E15CDA1544 /* sfx_levelup.wav */; };
		B8337E35DAB509B18FF6F095 /* sfx_turn.wav in Resources */ = {isa = PBXBuildFile; fileRef = BD828246EE6908CD54F6F470 /* sfx_turn.wav */; };
		B854156E5047F8344F2710B8 /* sfx_miss.wav in Resources */ = {isa = PBXBuildFile; fileRef = 764E7AE61141398EAF27DD8C /* sfx_miss.wav */; };
		BA5C7283ADD90A8453E30370 /* CupData.swift in Sources */ = {isa = PBXBuildFile; fileRef = 870642A92BE556F8F4CFEB7B /* CupData.swift */; };
		C0E28BDB1CB428FDE0BCC650 /* GameKit.framework in Frameworks */ = {isa = PBXBuildFile; fileRef = 03C8B2A871A0358F2E183797 /* GameKit.framework */; };
		C3420CA3BDEAD00F60EE81B9 /* MatchRulesEngine.swift in Sources */ = {isa = PBXBuildFile; fileRef = C58E168DF08CADEF2EE9E2B8 /* MatchRulesEngine.swift */; };
		C4C850CA8495EBBB354EEDA3 /* MissHint.swift in Sources */ = {isa = PBXBuildFile; fileRef = D1B75D5186818D49CC5F5F25 /* MissHint.swift */; };
		C5BE505D2A4656BB46635AF3 /* TournamentAndChallengeTests.swift in Sources */ = {isa = PBXBuildFile; fileRef = B2491FFBB29CADEF63ACCC49 /* TournamentAndChallengeTests.swift */; };
		C8AFE8B500B4C880C5FED144 /* PhysicsConfiguration.swift in Sources */ = {isa = PBXBuildFile; fileRef = ADE93D9E132F63395D398B86 /* PhysicsConfiguration.swift */; };
		C95AD6F70403664B274C515D /* Assets.xcassets in Resources */ = {isa = PBXBuildFile; fileRef = AF89E19E7EBEE6C5DDA5FCB2 /* Assets.xcassets */; };
		CAFBB8710DD301954EE70CD0 /* ProgressionMath.swift in Sources */ = {isa = PBXBuildFile; fileRef = 2CF99691BBDDEFEF241581B6 /* ProgressionMath.swift */; };
		CB0D2BF9DAA547A7DCC68C79 /* sfx_made.wav in Resources */ = {isa = PBXBuildFile; fileRef = 2F6A192C7F33B36D17405ADD /* sfx_made.wav */; };
		CBCDF46ED3C1D561F4074972 /* ChallengesView.swift in Sources */ = {isa = PBXBuildFile; fileRef = 1CA273CD02141B0916127AA9 /* ChallengesView.swift */; };
		CC52AFBD824CCB6227B4C1AA /* DesignSystem.swift in Sources */ = {isa = PBXBuildFile; fileRef = BBA998D630ABA4C5AA719F64 /* DesignSystem.swift */; };
		CEDBC90363DF653C2F87F2BD /* music_ambient.wav in Resources */ = {isa = PBXBuildFile; fileRef = 5E835598225A4EEF7580ABF6 /* music_ambient.wav */; };
		CF43B0AADEC9F20667D7277F /* RewardSummaryView.swift in Sources */ = {isa = PBXBuildFile; fileRef = C108E4CE5C102CCE9959EC97 /* RewardSummaryView.swift */; };
		D1BC5883BF63A9C78646C4CE /* LeaderboardDefinition.swift in Sources */ = {isa = PBXBuildFile; fileRef = CB67A2C48C8FCE519542C01E /* LeaderboardDefinition.swift */; };
		D47870A3F6F1AD98D38F1DE7 /* GameplayView.swift in Sources */ = {isa = PBXBuildFile; fileRef = D48DF815CD1DA6A7C2E6E012 /* GameplayView.swift */; };
		DBF9606885AC7C62A1E73567 /* SectionHeader.swift in Sources */ = {isa = PBXBuildFile; fileRef = AC1FD0F39E7467A0FE8D34CE /* SectionHeader.swift */; };
		DF9D32A8C24BCACF3EAAB6A5 /* ShotResultView.swift in Sources */ = {isa = PBXBuildFile; fileRef = 3A431762AEE2387F5384C5C7 /* ShotResultView.swift */; };
		DFA0957A3E8579991DD8FF05 /* TurnBannerView.swift in Sources */ = {isa = PBXBuildFile; fileRef = 9EAD96DB18E62BD8BA9DB043 /* TurnBannerView.swift */; };
		DFA8983C91393CA068B077BA /* GameCoordinator.swift in Sources */ = {isa = PBXBuildFile; fileRef = DDFFF225746F5E209AD61730 /* GameCoordinator.swift */; };
		E0E388B9172502F795AAE18D /* ARKit.framework in Frameworks */ = {isa = PBXBuildFile; fileRef = 64A28A6A3F02D9F34E946EFF /* ARKit.framework */; };
		E3E4D0489E28D9E515B57DD3 /* BallFactory.swift in Sources */ = {isa = PBXBuildFile; fileRef = D92DB41C4469FE1336D5228F /* BallFactory.swift */; };
		E4BBBA9C290881F56CA77024 /* SecondaryButton.swift in Sources */ = {isa = PBXBuildFile; fileRef = C51A576C70DA7EF2154C2832 /* SecondaryButton.swift */; };
		EECF72D5BBC48B83A48F4888 /* ProceduralMeshes.swift in Sources */ = {isa = PBXBuildFile; fileRef = 71916680471DFAEEE63355A1 /* ProceduralMeshes.swift */; };
		F06FBFEBC9A1766E8D9F3AEF /* MatchRulesTests.swift in Sources */ = {isa = PBXBuildFile; fileRef = FFB378E88D16EDF56BFC207B /* MatchRulesTests.swift */; };
		F319469A6AE1777CB3859871 /* ProgressionTests.swift in Sources */ = {isa = PBXBuildFile; fileRef = 8DD2DBA56840888C8B4E47F1 /* ProgressionTests.swift */; };
		F3A8681DD5C45A643A919091 /* ArenaStyleCard.swift in Sources */ = {isa = PBXBuildFile; fileRef = 6E8F8FB915542E5A72022E5D /* ArenaStyleCard.swift */; };
		F6250D7595399E55F731850E /* sfx_button.wav in Resources */ = {isa = PBXBuildFile; fileRef = EFFAF30EDFCAC5D4CB1F5DA1 /* sfx_button.wav */; };
		F97F2C14FB4EFEA413C51240 /* GameCenterManager.swift in Sources */ = {isa = PBXBuildFile; fileRef = 90F4A8688297C4D2D5E1B991 /* GameCenterManager.swift */; };
		FADA35415D08DE9EC334F962 /* PrivacyInfo.xcprivacy in Resources */ = {isa = PBXBuildFile; fileRef = 500BE6C9739BAE3DA7EA5FF3 /* PrivacyInfo.xcprivacy */; };
		FD9257E4234D0ADD50C0DE46 /* AudioAssetsTests.swift in Sources */ = {isa = PBXBuildFile; fileRef = E271FE95F250E2B0206F394B /* AudioAssetsTests.swift */; };
/* End PBXBuildFile section */

/* Begin PBXContainerItemProxy section */
		5F6C715C158786B06372DCC9 /* PBXContainerItemProxy */ = {
			isa = PBXContainerItemProxy;
			containerPortal = AD702CA4D89CDCC7E6F8E832 /* Project object */;
			proxyType = 1;
			remoteGlobalIDString = C4DC1D4513B6FCDD2A1C2713;
			remoteInfo = CupClash;
		};
/* End PBXContainerItemProxy section */

/* Begin PBXFileReference section */
		0095D8D49BD9A8E54D81C648 /* ThrowInputController.swift */ = {isa = PBXFileReference; lastKnownFileType = sourcecode.swift; path = ThrowInputController.swift; sourceTree = "<group>"; };
		01484363B5769CAABC363406 /* MatchState.swift */ = {isa = PBXFileReference; lastKnownFileType = sourcecode.swift; path = MatchState.swift; sourceTree = "<group>"; };
		016C86C248A72AFD9C0048A6 /* sfx_victory.wav */ = {isa = PBXFileReference; lastKnownFileType = audio.wav; path = sfx_victory.wav; sourceTree = "<group>"; };
		03AB1E735B65435A8C4157C5 /* ArenaFactory.swift */ = {isa = PBXFileReference; lastKnownFileType = sourcecode.swift; path = ArenaFactory.swift; sourceTree = "<group>"; };
		03C8B2A871A0358F2E183797 /* GameKit.framework */ = {isa = PBXFileReference; lastKnownFileType = wrapper.framework; name = GameKit.framework; path = System/Library/Frameworks/GameKit.framework; sourceTree = SDKROOT; };
		040F5D2944150F8468543EE3 /* CareerFeaturesTests.swift */ = {isa = PBXFileReference; lastKnownFileType = sourcecode.swift; path = CareerFeaturesTests.swift; sourceTree = "<group>"; };
		06A1CD16784609DD0AF00719 /* AchievementDefinition.swift */ = {isa = PBXFileReference; lastKnownFileType = sourcecode.swift; path = AchievementDefinition.swift; sourceTree = "<group>"; };
		09F473CCA4D409F02D02E2B4 /* AimAssistPolicy.swift */ = {isa = PBXFileReference; lastKnownFileType = sourcecode.swift; path = AimAssistPolicy.swift; sourceTree = "<group>"; };
		0B369A196C21A5B8D0F824D2 /* GameplayHUD.swift */ = {isa = PBXFileReference; lastKnownFileType = sourcecode.swift; path = GameplayHUD.swift; sourceTree = "<group>"; };
		0C6B978A7B6A84E15CDA1544 /* sfx_levelup.wav */ = {isa = PBXFileReference; lastKnownFileType = audio.wav; path = sfx_levelup.wav; sourceTree = "<group>"; };
		11A422B8F47DCEA4D50CFF97 /* LeaderboardsView.swift */ = {isa = PBXFileReference; lastKnownFileType = sourcecode.swift; path = LeaderboardsView.swift; sourceTree = "<group>"; };
		1CA273CD02141B0916127AA9 /* ChallengesView.swift */ = {isa = PBXFileReference; lastKnownFileType = sourcecode.swift; path = ChallengesView.swift; sourceTree = "<group>"; };
		1E69885B3A7B38AC224F2F9A /* AIPlayerController.swift */ = {isa = PBXFileReference; lastKnownFileType = sourcecode.swift; path = AIPlayerController.swift; sourceTree = "<group>"; };
		1EA504619B8AD2D7A46E1A94 /* CupClash.entitlements */ = {isa = PBXFileReference; lastKnownFileType = text.plist.entitlements; path = CupClash.entitlements; sourceTree = "<group>"; };
		212611FE7A87D606D2DB02A3 /* PlayerProfile.swift */ = {isa = PBXFileReference; lastKnownFileType = sourcecode.swift; path = PlayerProfile.swift; sourceTree = "<group>"; };
		24E90EF586695250FAAF9F21 /* AchievementsView.swift */ = {isa = PBXFileReference; lastKnownFileType = sourcecode.swift; path = AchievementsView.swift; sourceTree = "<group>"; };
		2518D558AFF90A72C5FA34C1 /* GameSceneController.swift */ = {isa = PBXFileReference; lastKnownFileType = sourcecode.swift; path = GameSceneController.swift; sourceTree = "<group>"; };
		2729265E19CFF43F1DD8AE3D /* Combine.framework */ = {isa = PBXFileReference; lastKnownFileType = wrapper.framework; name = Combine.framework; path = System/Library/Frameworks/Combine.framework; sourceTree = SDKROOT; };
		2A56552FD0DB7D972A10BB80 /* CupStyle.swift */ = {isa = PBXFileReference; lastKnownFileType = sourcecode.swift; path = CupStyle.swift; sourceTree = "<group>"; };
		2CF99691BBDDEFEF241581B6 /* ProgressionMath.swift */ = {isa = PBXFileReference; lastKnownFileType = sourcecode.swift; path = ProgressionMath.swift; sourceTree = "<group>"; };
		2D6F9FBF1F0AA4435F11AB6B /* AppConstants.swift */ = {isa = PBXFileReference; lastKnownFileType = sourcecode.swift; path = AppConstants.swift; sourceTree = "<group>"; };
		2DA1D2DFB04F6A3AECDBB20B /* CupStyleCard.swift */ = {isa = PBXFileReference; lastKnownFileType = sourcecode.swift; path = CupStyleCard.swift; sourceTree = "<group>"; };
		2F6A192C7F33B36D17405ADD /* sfx_made.wav */ = {isa = PBXFileReference; lastKnownFileType = audio.wav; path = sfx_made.wav; sourceTree = "<group>"; };
		301B86B7A4ABA670726AF102 /* BallStyle.swift */ = {isa = PBXFileReference; lastKnownFileType = sourcecode.swift; path = BallStyle.swift; sourceTree = "<group>"; };
		3244FA81343E2C544B97A69D /* sfx_rim.wav */ = {isa = PBXFileReference; lastKnownFileType = audio.wav; path = sfx_rim.wav; sourceTree = "<group>"; };
		34E662FEBC2EDED564EBDD89 /* CupCountPicker.swift */ = {isa = PBXFileReference; lastKnownFileType = sourcecode.swift; path = CupCountPicker.swift; sourceTree = "<group>"; };
		360C50CBB28A197878CA363A /* GameSettings.swift */ = {isa = PBXFileReference; lastKnownFileType = sourcecode.swift; path = GameSettings.swift; sourceTree = "<group>"; };
		385FF0AEDC4B6D42F4A76250 /* HowToPlayView.swift */ = {isa = PBXFileReference; lastKnownFileType = sourcecode.swift; path = HowToPlayView.swift; sourceTree = "<group>"; };
		3A431762AEE2387F5384C5C7 /* ShotResultView.swift */ = {isa = PBXFileReference; lastKnownFileType = sourcecode.swift; path = ShotResultView.swift; sourceTree = "<group>"; };
		3ADE9C3AD58C0CDE79751918 /* MissHintTests.swift */ = {isa = PBXFileReference; lastKnownFileType = sourcecode.swift; path = MissHintTests.swift; sourceTree = "<group>"; };
		4617C5483B61D864E03EC3E2 /* HomeView.swift */ = {isa = PBXFileReference; lastKnownFileType = sourcecode.swift; path = HomeView.swift; sourceTree = "<group>"; };
		49FF91BD0266B49D77EF9D84 /* AimPowerControl.swift */ = {isa = PBXFileReference; lastKnownFileType = sourcecode.swift; path = AimPowerControl.swift; sourceTree = "<group>"; };
		4FD75BEDA0EF133BD7E26E22 /* SettingsView.swift */ = {isa = PBXFileReference; lastKnownFileType = sourcecode.swift; path = SettingsView.swift; sourceTree = "<group>"; };
		500BE6C9739BAE3DA7EA5FF3 /* PrivacyInfo.xcprivacy */ = {isa = PBXFileReference; path = PrivacyInfo.xcprivacy; sourceTree = "<group>"; };
		510788BCC647BCC1DC00AEF0 /* LevelProgressView.swift */ = {isa = PBXFileReference; lastKnownFileType = sourcecode.swift; path = LevelProgressView.swift; sourceTree = "<group>"; };
		51F00BB3782AE64D5C4703EC /* TrajectoryCalculator.swift */ = {isa = PBXFileReference; lastKnownFileType = sourcecode.swift; path = TrajectoryCalculator.swift; sourceTree = "<group>"; };
		52FEC86D4DCA79137B6F5D24 /* CupRackBuilder.swift */ = {isa = PBXFileReference; lastKnownFileType = sourcecode.swift; path = CupRackBuilder.swift; sourceTree = "<group>"; };
		592C109BA6E17BA5DB9677CB /* sfx_coins.wav */ = {isa = PBXFileReference; lastKnownFileType = audio.wav; path = sfx_coins.wav; sourceTree = "<group>"; };
		5CC8F0536217616391B7B76D /* DailyChallenge.swift */ = {isa = PBXFileReference; lastKnownFileType = sourcecode.swift; path = DailyChallenge.swift; sourceTree = "<group>"; };
		5E835598225A4EEF7580ABF6 /* music_ambient.wav */ = {isa = PBXFileReference; lastKnownFileType = audio.wav; path = music_ambient.wav; sourceTree = "<group>"; };
		5FCEC0CD923BCC8893F62039 /* Info.plist */ = {isa = PBXFileReference; lastKnownFileType = text.plist; path = Info.plist; sourceTree = "<group>"; };
		639E66E5622DD12435EA7FA2 /* RealityGameContainer.swift */ = {isa = PBXFileReference; lastKnownFileType = sourcecode.swift; path = RealityGameContainer.swift; sourceTree = "<group>"; };
		64A28A6A3F02D9F34E946EFF /* ARKit.framework */ = {isa = PBXFileReference; lastKnownFileType = wrapper.framework; name = ARKit.framework; path = System/Library/Frameworks/ARKit.framework; sourceTree = SDKROOT; };
		65BF4E976E2ABBC033489E68 /* ChallengeStore.swift */ = {isa = PBXFileReference; lastKnownFileType = sourcecode.swift; path = ChallengeStore.swift; sourceTree = "<group>"; };
		6BAA37D02EA19E0C52197CDF /* AudioManager.swift */ = {isa = PBXFileReference; lastKnownFileType = sourcecode.swift; path = AudioManager.swift; sourceTree = "<group>"; };
		6DA7BBA23D34CDDB7A9B4461 /* ModeCardView.swift */ = {isa = PBXFileReference; lastKnownFileType = sourcecode.swift; path = ModeCardView.swift; sourceTree = "<group>"; };
		6DF10D2CF13E4A32395DD3D9 /* GlassPanel.swift */ = {isa = PBXFileReference; lastKnownFileType = sourcecode.swift; path = GlassPanel.swift; sourceTree = "<group>"; };
		6E8F8FB915542E5A72022E5D /* ArenaStyleCard.swift */ = {isa = PBXFileReference; lastKnownFileType = sourcecode.swift; path = ArenaStyleCard.swift; sourceTree = "<group>"; };
		70EA4917CD79595C9E98BF99 /* CosmeticAndAITests.swift */ = {isa = PBXFileReference; lastKnownFileType = sourcecode.swift; path = CosmeticAndAITests.swift; sourceTree = "<group>"; };
		71916680471DFAEEE63355A1 /* ProceduralMeshes.swift */ = {isa = PBXFileReference; lastKnownFileType = sourcecode.swift; path = ProceduralMeshes.swift; sourceTree = "<group>"; };
		72B0F72683E14B8D6A0FE27C /* CoinBadge.swift */ = {isa = PBXFileReference; lastKnownFileType = sourcecode.swift; path = CoinBadge.swift; sourceTree = "<group>"; };
		74D8FBCA430A6A917A595F2A /* CupClash.app */ = {isa = PBXFileReference; includeInIndex = 0; lastKnownFileType = wrapper.application; path = CupClash.app; sourceTree = BUILT_PRODUCTS_DIR; };
		764E7AE61141398EAF27DD8C /* sfx_miss.wav */ = {isa = PBXFileReference; lastKnownFileType = audio.wav; path = sfx_miss.wav; sourceTree = "<group>"; };
		79E4E689F744D2705BBAFD20 /* RootView.swift */ = {isa = PBXFileReference; lastKnownFileType = sourcecode.swift; path = RootView.swift; sourceTree = "<group>"; };
		7B52AA6332D073121F206D40 /* Extensions.swift */ = {isa = PBXFileReference; lastKnownFileType = sourcecode.swift; path = Extensions.swift; sourceTree = "<group>"; };
		7E5DF25125D1D9B327C5CF88 /* LocalScoreboard.swift */ = {isa = PBXFileReference; lastKnownFileType = sourcecode.swift; path = LocalScoreboard.swift; sourceTree = "<group>"; };
		82048B62B9FFF1C6F64E87B9 /* RealityKit.framework */ = {isa = PBXFileReference; lastKnownFileType = wrapper.framework; name = RealityKit.framework; path = System/Library/Frameworks/RealityKit.framework; sourceTree = SDKROOT; };
		84B392C346BC2282513A6D9A /* CupClashGameView.swift */ = {isa = PBXFileReference; lastKnownFileType = sourcecode.swift; path = CupClashGameView.swift; sourceTree = "<group>"; };
		85BADB54EAAEAC06CCBC6709 /* PracticeView.swift */ = {isa = PBXFileReference; lastKnownFileType = sourcecode.swift; path = PracticeView.swift; sourceTree = "<group>"; };
		870642A92BE556F8F4CFEB7B /* CupData.swift */ = {isa = PBXFileReference; lastKnownFileType = sourcecode.swift; path = CupData.swift; sourceTree = "<group>"; };
		8A171BA56B98230298FCDEAA /* GameCameraController.swift */ = {isa = PBXFileReference; lastKnownFileType = sourcecode.swift; path = GameCameraController.swift; sourceTree = "<group>"; };
		8ADB4572847E26F53662BBB3 /* BallStyleCard.swift */ = {isa = PBXFileReference; lastKnownFileType = sourcecode.swift; path = BallStyleCard.swift; sourceTree = "<group>"; };
		8DD2DBA56840888C8B4E47F1 /* ProgressionTests.swift */ = {isa = PBXFileReference; lastKnownFileType = sourcecode.swift; path = ProgressionTests.swift; sourceTree = "<group>"; };
		8E158E2265CE7FBB06848FEF /* sfx_defeat.wav */ = {isa = PBXFileReference; lastKnownFileType = audio.wav; path = sfx_defeat.wav; sourceTree = "<group>"; };
		90F4A8688297C4D2D5E1B991 /* GameCenterManager.swift */ = {isa = PBXFileReference; lastKnownFileType = sourcecode.swift; path = GameCenterManager.swift; sourceTree = "<group>"; };
		9183CDD1CE757F09554E6AF6 /* PlayerHeaderView.swift */ = {isa = PBXFileReference; lastKnownFileType = sourcecode.swift; path = PlayerHeaderView.swift; sourceTree = "<group>"; };
		92DF14CBE5E7AB81E1FB0668 /* MatchConfiguration.swift */ = {isa = PBXFileReference; lastKnownFileType = sourcecode.swift; path = MatchConfiguration.swift; sourceTree = "<group>"; };
		9394D5413254E5771A88AB1E /* WinnerCelebrationView.swift */ = {isa = PBXFileReference; lastKnownFileType = sourcecode.swift; path = WinnerCelebrationView.swift; sourceTree = "<group>"; };
		9CA18061AD7BE008A2A7B7E0 /* ArenaStyle.swift */ = {isa = PBXFileReference; lastKnownFileType = sourcecode.swift; path = ArenaStyle.swift; sourceTree = "<group>"; };
		9E2CB2A2BF72745E88DA77F7 /* MatchResultsView.swift */ = {isa = PBXFileReference; lastKnownFileType = sourcecode.swift; path = MatchResultsView.swift; sourceTree = "<group>"; };
		9EAD96DB18E62BD8BA9DB043 /* TurnBannerView.swift */ = {isa = PBXFileReference; lastKnownFileType = sourcecode.swift; path = TurnBannerView.swift; sourceTree = "<group>"; };
		A01D9E8107F744CAE76C1D7C /* ShotEvaluator.swift */ = {isa = PBXFileReference; lastKnownFileType = sourcecode.swift; path = ShotEvaluator.swift; sourceTree = "<group>"; };
		A2625FBCBD254D9C1770AECA /* TournamentStore.swift */ = {isa = PBXFileReference; lastKnownFileType = sourcecode.swift; path = TournamentStore.swift; sourceTree = "<group>"; };
		A31001610EB230E28AEA7DFF /* FormationPicker.swift */ = {isa = PBXFileReference; lastKnownFileType = sourcecode.swift; path = FormationPicker.swift; sourceTree = "<group>"; };
		A6CFA49A2CF998EFED5E2AC3 /* LockerView.swift */ = {isa = PBXFileReference; lastKnownFileType = sourcecode.swift; path = LockerView.swift; sourceTree = "<group>"; };
		A96420AD01794D998682DFD7 /* TableFactory.swift */ = {isa = PBXFileReference; lastKnownFileType = sourcecode.swift; path = TableFactory.swift; sourceTree = "<group>"; };
		AAD161A19949B947C1BCB4EB /* MatchSetupView.swift */ = {isa = PBXFileReference; lastKnownFileType = sourcecode.swift; path = MatchSetupView.swift; sourceTree = "<group>"; };
		AC1FD0F39E7467A0FE8D34CE /* SectionHeader.swift */ = {isa = PBXFileReference; lastKnownFileType = sourcecode.swift; path = SectionHeader.swift; sourceTree = "<group>"; };
		ADE93D9E132F63395D398B86 /* PhysicsConfiguration.swift */ = {isa = PBXFileReference; lastKnownFileType = sourcecode.swift; path = PhysicsConfiguration.swift; sourceTree = "<group>"; };
		AF89E19E7EBEE6C5DDA5FCB2 /* Assets.xcassets */ = {isa = PBXFileReference; lastKnownFileType = folder.assetcatalog; path = Assets.xcassets; sourceTree = "<group>"; };
		B08CAF98E1C55D1E6B475FE3 /* PrimaryButton.swift */ = {isa = PBXFileReference; lastKnownFileType = sourcecode.swift; path = PrimaryButton.swift; sourceTree = "<group>"; };
		B109AE0D2DA3B1DAE5F8F93E /* PersistenceManager.swift */ = {isa = PBXFileReference; lastKnownFileType = sourcecode.swift; path = PersistenceManager.swift; sourceTree = "<group>"; };
		B2491FFBB29CADEF63ACCC49 /* TournamentAndChallengeTests.swift */ = {isa = PBXFileReference; lastKnownFileType = sourcecode.swift; path = TournamentAndChallengeTests.swift; sourceTree = "<group>"; };
		B60A4B1A336F96054AF432F8 /* DifficultyBalanceTests.swift */ = {isa = PBXFileReference; lastKnownFileType = sourcecode.swift; path = DifficultyBalanceTests.swift; sourceTree = "<group>"; };
		B74630B560DA98B2B9431F00 /* CupFactory.swift */ = {isa = PBXFileReference; lastKnownFileType = sourcecode.swift; path = CupFactory.swift; sourceTree = "<group>"; };
		BAF08DCCD51E6F22B5F78A8C /* AVFoundation.framework */ = {isa = PBXFileReference; lastKnownFileType = wrapper.framework; name = AVFoundation.framework; path = System/Library/Frameworks/AVFoundation.framework; sourceTree = SDKROOT; };
		BBA998D630ABA4C5AA719F64 /* DesignSystem.swift */ = {isa = PBXFileReference; lastKnownFileType = sourcecode.swift; path = DesignSystem.swift; sourceTree = "<group>"; };
		BD828246EE6908CD54F6F470 /* sfx_turn.wav */ = {isa = PBXFileReference; lastKnownFileType = audio.wav; path = sfx_turn.wav; sourceTree = "<group>"; };
		C108E4CE5C102CCE9959EC97 /* RewardSummaryView.swift */ = {isa = PBXFileReference; lastKnownFileType = sourcecode.swift; path = RewardSummaryView.swift; sourceTree = "<group>"; };
		C192CF4C6EA907AE3F1BC499 /* MatchResult.swift */ = {isa = PBXFileReference; lastKnownFileType = sourcecode.swift; path = MatchResult.swift; sourceTree = "<group>"; };
		C35F3186A87BDC9299E5E002 /* GameCenterSocialPanel.swift */ = {isa = PBXFileReference; lastKnownFileType = sourcecode.swift; path = GameCenterSocialPanel.swift; sourceTree = "<group>"; };
		C3B5FEBC4265A8B11B539EA6 /* RewardManager.swift */ = {isa = PBXFileReference; lastKnownFileType = sourcecode.swift; path = RewardManager.swift; sourceTree = "<group>"; };
		C51A576C70DA7EF2154C2832 /* SecondaryButton.swift */ = {isa = PBXFileReference; lastKnownFileType = sourcecode.swift; path = SecondaryButton.swift; sourceTree = "<group>"; };
		C58E168DF08CADEF2EE9E2B8 /* MatchRulesEngine.swift */ = {isa = PBXFileReference; lastKnownFileType = sourcecode.swift; path = MatchRulesEngine.swift; sourceTree = "<group>"; };
		C6B06E0B0FFB60C334112B8D /* FormationLayout.swift */ = {isa = PBXFileReference; lastKnownFileType = sourcecode.swift; path = FormationLayout.swift; sourceTree = "<group>"; };
		CB67A2C48C8FCE519542C01E /* LeaderboardDefinition.swift */ = {isa = PBXFileReference; lastKnownFileType = sourcecode.swift; path = LeaderboardDefinition.swift; sourceTree = "<group>"; };
		D03EBBC69EC24043BBCB7F54 /* Tournament.swift */ = {isa = PBXFileReference; lastKnownFileType = sourcecode.swift; path = Tournament.swift; sourceTree = "<group>"; };
		D1B75D5186818D49CC5F5F25 /* MissHint.swift */ = {isa = PBXFileReference; lastKnownFileType = sourcecode.swift; path = MissHint.swift; sourceTree = "<group>"; };
		D2AF228FD88E2C1A65F49773 /* sfx_table.wav */ = {isa = PBXFileReference; lastKnownFileType = audio.wav; path = sfx_table.wav; sourceTree = "<group>"; };
		D44E90282BD38117FF84EDCA /* CupClashTests.xctest */ = {isa = PBXFileReference; includeInIndex = 0; lastKnownFileType = wrapper.cfbundle; path = CupClashTests.xctest; sourceTree = BUILT_PRODUCTS_DIR; };
		D48DF815CD1DA6A7C2E6E012 /* GameplayView.swift */ = {isa = PBXFileReference; lastKnownFileType = sourcecode.swift; path = GameplayView.swift; sourceTree = "<group>"; };
		D58C2243E693CF42117A6D06 /* TournamentHubView.swift */ = {isa = PBXFileReference; lastKnownFileType = sourcecode.swift; path = TournamentHubView.swift; sourceTree = "<group>"; };
		D657A83AC2161CD19ADDD33E /* HapticManager.swift */ = {isa = PBXFileReference; lastKnownFileType = sourcecode.swift; path = HapticManager.swift; sourceTree = "<group>"; };
		D7B5F70B224B1713DD04915E /* CollisionGroups.swift */ = {isa = PBXFileReference; lastKnownFileType = sourcecode.swift; path = CollisionGroups.swift; sourceTree = "<group>"; };
		D8188BF9D7ED6D3260E6DDCF /* DifficultyPicker.swift */ = {isa = PBXFileReference; lastKnownFileType = sourcecode.swift; path = DifficultyPicker.swift; sourceTree = "<group>"; };
		D92DB41C4469FE1336D5228F /* BallFactory.swift */ = {isa = PBXFileReference; lastKnownFileType = sourcecode.swift; path = BallFactory.swift; sourceTree = "<group>"; };
		DDFFF225746F5E209AD61730 /* GameCoordinator.swift */ = {isa = PBXFileReference; lastKnownFileType = sourcecode.swift; path = GameCoordinator.swift; sourceTree = "<group>"; };
		E07F5426BCE536F1824EB77B /* PauseMenuView.swift */ = {isa = PBXFileReference; lastKnownFileType = sourcecode.swift; path = PauseMenuView.swift; sourceTree = "<group>"; };
		E271FE95F250E2B0206F394B /* AudioAssetsTests.swift */ = {isa = PBXFileReference; lastKnownFileType = sourcecode.swift; path = AudioAssetsTests.swift; sourceTree = "<group>"; };
		E3FBA69C920812A6ED414891 /* sfx_throw.wav */ = {isa = PBXFileReference; lastKnownFileType = audio.wav; path = sfx_throw.wav; sourceTree = "<group>"; };
		E7DAE63BC84C2ECF9348385C /* CupClashApp.swift */ = {isa = PBXFileReference; lastKnownFileType = sourcecode.swift; path = CupClashApp.swift; sourceTree = "<group>"; };
		E8ACAEF858E0A71E532CA9BD /* ProfileView.swift */ = {isa = PBXFileReference; lastKnownFileType = sourcecode.swift; path = ProfileView.swift; sourceTree = "<group>"; };
		E9D444783F415A6CC4A5D981 /* OnlineMatchModels.swift */ = {isa = PBXFileReference; lastKnownFileType = sourcecode.swift; path = OnlineMatchModels.swift; sourceTree = "<group>"; };
		EFC286D0D5300BDCC697ECAB /* SwiftData.framework */ = {isa = PBXFileReference; lastKnownFileType = wrapper.framework; name = SwiftData.framework; path = System/Library/Frameworks/SwiftData.framework; sourceTree = SDKROOT; };
		EFFAF30EDFCAC5D4CB1F5DA1 /* sfx_button.wav */ = {isa = PBXFileReference; lastKnownFileType = audio.wav; path = sfx_button.wav; sourceTree = "<group>"; };
		F043EE40FA5DF2DFDF61CCA3 /* StatisticsView.swift */ = {isa = PBXFileReference; lastKnownFileType = sourcecode.swift; path = StatisticsView.swift; sourceTree = "<group>"; };
		F22CABB23A7B7D3B0636960B /* ChallengeDefinition.swift */ = {isa = PBXFileReference; lastKnownFileType = sourcecode.swift; path = ChallengeDefinition.swift; sourceTree = "<group>"; };
		F36531E9B5CF07F057E5A9BF /* AppRouter.swift */ = {isa = PBXFileReference; lastKnownFileType = sourcecode.swift; path = AppRouter.swift; sourceTree = "<group>"; };
		F39373D810323FBED7807286 /* RewardTests.swift */ = {isa = PBXFileReference; lastKnownFileType = sourcecode.swift; path = RewardTests.swift; sourceTree = "<group>"; };
		FBEC8089944D28960093384B /* CoreHaptics.framework */ = {isa = PBXFileReference; lastKnownFileType = wrapper.framework; name = CoreHaptics.framework; path = System/Library/Frameworks/CoreHaptics.framework; sourceTree = SDKROOT; };
		FFB378E88D16EDF56BFC207B /* MatchRulesTests.swift */ = {isa = PBXFileReference; lastKnownFileType = sourcecode.swift; path = MatchRulesTests.swift; sourceTree = "<group>"; };
/* End PBXFileReference section */

/* Begin PBXFrameworksBuildPhase section */
		9C8ABC80CC66619196086639 /* Frameworks */ = {
			isa = PBXFrameworksBuildPhase;
			buildActionMask = 2147483647;
			files = (
				7D23081C5441A3B0AF9BA1D7 /* RealityKit.framework in Frameworks */,
				E0E388B9172502F795AAE18D /* ARKit.framework in Frameworks */,
				016E768E1C161FF662218218 /* AVFoundation.framework in Frameworks */,
				C0E28BDB1CB428FDE0BCC650 /* GameKit.framework in Frameworks */,
				01124856268E23433D444C16 /* CoreHaptics.framework in Frameworks */,
				8F20ED69F5F9C7372666276E /* SwiftData.framework in Frameworks */,
				8A7F8D18E729C0A82A7C427D /* Combine.framework in Frameworks */,
			);
			runOnlyForDeploymentPostprocessing = 0;
		};
/* End PBXFrameworksBuildPhase section */

/* Begin PBXGroup section */
		03A95F3388EFB07AC1AB6F49 /* Audio */ = {
			isa = PBXGroup;
			children = (
				5E835598225A4EEF7580ABF6 /* music_ambient.wav */,
				EFFAF30EDFCAC5D4CB1F5DA1 /* sfx_button.wav */,
				592C109BA6E17BA5DB9677CB /* sfx_coins.wav */,
				8E158E2265CE7FBB06848FEF /* sfx_defeat.wav */,
				0C6B978A7B6A84E15CDA1544 /* sfx_levelup.wav */,
				2F6A192C7F33B36D17405ADD /* sfx_made.wav */,
				764E7AE61141398EAF27DD8C /* sfx_miss.wav */,
				3244FA81343E2C544B97A69D /* sfx_rim.wav */,
				D2AF228FD88E2C1A65F49773 /* sfx_table.wav */,
				E3FBA69C920812A6ED414891 /* sfx_throw.wav */,
				BD828246EE6908CD54F6F470 /* sfx_turn.wav */,
				016C86C248A72AFD9C0048A6 /* sfx_victory.wav */,
			);
			path = Audio;
			sourceTree = "<group>";
		};
		11EB8C3411ACC6BB5ED58A0E /* Setup */ = {
			isa = PBXGroup;
			children = (
				34E662FEBC2EDED564EBDD89 /* CupCountPicker.swift */,
				D8188BF9D7ED6D3260E6DDCF /* DifficultyPicker.swift */,
				A31001610EB230E28AEA7DFF /* FormationPicker.swift */,
				AAD161A19949B947C1BCB4EB /* MatchSetupView.swift */,
			);
			path = Setup;
			sourceTree = "<group>";
		};
		16A994ABA8E3866E0B560793 /* Practice */ = {
			isa = PBXGroup;
			children = (
				85BADB54EAAEAC06CCBC6709 /* PracticeView.swift */,
			);
			path = Practice;
			sourceTree = "<group>";
		};
		254AD14691D33698EC4CDD4F /* Help */ = {
			isa = PBXGroup;
			children = (
				385FF0AEDC4B6D42F4A76250 /* HowToPlayView.swift */,
			);
			path = Help;
			sourceTree = "<group>";
		};
		404E12C664E4B0E357478824 /* Career */ = {
			isa = PBXGroup;
			children = (
				24E90EF586695250FAAF9F21 /* AchievementsView.swift */,
				1CA273CD02141B0916127AA9 /* ChallengesView.swift */,
				C35F3186A87BDC9299E5E002 /* GameCenterSocialPanel.swift */,
				11A422B8F47DCEA4D50CFF97 /* LeaderboardsView.swift */,
				D58C2243E693CF42117A6D06 /* TournamentHubView.swift */,
			);
			path = Career;
			sourceTree = "<group>";
		};
		44C21E019A5351902ABC2CFE /* CupClash */ = {
			isa = PBXGroup;
			children = (
				559EC22803959770739437B4 /* App */,
				97062AA1BF9392B5716512F5 /* Components */,
				47C5B726687D67F083141C65 /* Game */,
				BBF915B664C1E2D62B033C06 /* Managers */,
				79A9077A8C86FD3DA64AA4FB /* Models */,
				F1519630645879B60CBB3A4D /* Resources */,
				CAD69DEFDDD432BCB4C6521D /* Utilities */,
				52BEF9B30FE770024709F0A8 /* Views */,
			);
			path = CupClash;
			sourceTree = "<group>";
		};
		47C5B726687D67F083141C65 /* Game */ = {
			isa = PBXGroup;
			children = (
				1E69885B3A7B38AC224F2F9A /* AIPlayerController.swift */,
				03AB1E735B65435A8C4157C5 /* ArenaFactory.swift */,
				D92DB41C4469FE1336D5228F /* BallFactory.swift */,
				D7B5F70B224B1713DD04915E /* CollisionGroups.swift */,
				84B392C346BC2282513A6D9A /* CupClashGameView.swift */,
				B74630B560DA98B2B9431F00 /* CupFactory.swift */,
				52FEC86D4DCA79137B6F5D24 /* CupRackBuilder.swift */,
				8A171BA56B98230298FCDEAA /* GameCameraController.swift */,
				DDFFF225746F5E209AD61730 /* GameCoordinator.swift */,
				2518D558AFF90A72C5FA34C1 /* GameSceneController.swift */,
				C58E168DF08CADEF2EE9E2B8 /* MatchRulesEngine.swift */,
				D1B75D5186818D49CC5F5F25 /* MissHint.swift */,
				ADE93D9E132F63395D398B86 /* PhysicsConfiguration.swift */,
				639E66E5622DD12435EA7FA2 /* RealityGameContainer.swift */,
				A01D9E8107F744CAE76C1D7C /* ShotEvaluator.swift */,
				A96420AD01794D998682DFD7 /* TableFactory.swift */,
				0095D8D49BD9A8E54D81C648 /* ThrowInputController.swift */,
				51F00BB3782AE64D5C4703EC /* TrajectoryCalculator.swift */,
			);
			path = Game;
			sourceTree = "<group>";
		};
		4EFBAD114A92142D18ED44BB /* Home */ = {
			isa = PBXGroup;
			children = (
				4617C5483B61D864E03EC3E2 /* HomeView.swift */,
				6DA7BBA23D34CDDB7A9B4461 /* ModeCardView.swift */,
				9183CDD1CE757F09554E6AF6 /* PlayerHeaderView.swift */,
			);
			path = Home;
			sourceTree = "<group>";
		};
		52BEF9B30FE770024709F0A8 /* Views */ = {
			isa = PBXGroup;
			children = (
				404E12C664E4B0E357478824 /* Career */,
				C8986B598E633501D14075FA /* Gameplay */,
				254AD14691D33698EC4CDD4F /* Help */,
				4EFBAD114A92142D18ED44BB /* Home */,
				FFF7B95B9FACCF86FA2F43E3 /* Locker */,
				16A994ABA8E3866E0B560793 /* Practice */,
				749E503131D3ACD3617DABB4 /* Profile */,
				83EAAC1E651F7A8269359728 /* Results */,
				C660211E54AF1BCAE3C50196 /* Settings */,
				11EB8C3411ACC6BB5ED58A0E /* Setup */,
			);
			path = Views;
			sourceTree = "<group>";
		};
		559EC22803959770739437B4 /* App */ = {
			isa = PBXGroup;
			children = (
				F36531E9B5CF07F057E5A9BF /* AppRouter.swift */,
				E7DAE63BC84C2ECF9348385C /* CupClashApp.swift */,
				79E4E689F744D2705BBAFD20 /* RootView.swift */,
			);
			path = App;
			sourceTree = "<group>";
		};
		5EA26A25F24C24D7C160602F /* Products */ = {
			isa = PBXGroup;
			children = (
				74D8FBCA430A6A917A595F2A /* CupClash.app */,
				D44E90282BD38117FF84EDCA /* CupClashTests.xctest */,
			);
			name = Products;
			sourceTree = "<group>";
		};
		6E490A86B80636300600931F /* Frameworks */ = {
			isa = PBXGroup;
			children = (
				64A28A6A3F02D9F34E946EFF /* ARKit.framework */,
				BAF08DCCD51E6F22B5F78A8C /* AVFoundation.framework */,
				2729265E19CFF43F1DD8AE3D /* Combine.framework */,
				FBEC8089944D28960093384B /* CoreHaptics.framework */,
				03C8B2A871A0358F2E183797 /* GameKit.framework */,
				82048B62B9FFF1C6F64E87B9 /* RealityKit.framework */,
				EFC286D0D5300BDCC697ECAB /* SwiftData.framework */,
			);
			name = Frameworks;
			sourceTree = "<group>";
		};
		739FE602B2F06BF17AB55E7A = {
			isa = PBXGroup;
			children = (
				44C21E019A5351902ABC2CFE /* CupClash */,
				C110D6FC7671BF176512CE78 /* CupClashTests */,
				6E490A86B80636300600931F /* Frameworks */,
				5EA26A25F24C24D7C160602F /* Products */,
			);
			sourceTree = "<group>";
		};
		749E503131D3ACD3617DABB4 /* Profile */ = {
			isa = PBXGroup;
			children = (
				510788BCC647BCC1DC00AEF0 /* LevelProgressView.swift */,
				E8ACAEF858E0A71E532CA9BD /* ProfileView.swift */,
				F043EE40FA5DF2DFDF61CCA3 /* StatisticsView.swift */,
			);
			path = Profile;
			sourceTree = "<group>";
		};
		79A9077A8C86FD3DA64AA4FB /* Models */ = {
			isa = PBXGroup;
			children = (
				06A1CD16784609DD0AF00719 /* AchievementDefinition.swift */,
				09F473CCA4D409F02D02E2B4 /* AimAssistPolicy.swift */,
				9CA18061AD7BE008A2A7B7E0 /* ArenaStyle.swift */,
				301B86B7A4ABA670726AF102 /* BallStyle.swift */,
				F22CABB23A7B7D3B0636960B /* ChallengeDefinition.swift */,
				870642A92BE556F8F4CFEB7B /* CupData.swift */,
				2A56552FD0DB7D972A10BB80 /* CupStyle.swift */,
				5CC8F0536217616391B7B76D /* DailyChallenge.swift */,
				360C50CBB28A197878CA363A /* GameSettings.swift */,
				CB67A2C48C8FCE519542C01E /* LeaderboardDefinition.swift */,
				92DF14CBE5E7AB81E1FB0668 /* MatchConfiguration.swift */,
				C192CF4C6EA907AE3F1BC499 /* MatchResult.swift */,
				01484363B5769CAABC363406 /* MatchState.swift */,
				E9D444783F415A6CC4A5D981 /* OnlineMatchModels.swift */,
				212611FE7A87D606D2DB02A3 /* PlayerProfile.swift */,
				D03EBBC69EC24043BBCB7F54 /* Tournament.swift */,
			);
			path = Models;
			sourceTree = "<group>";
		};
		83EAAC1E651F7A8269359728 /* Results */ = {
			isa = PBXGroup;
			children = (
				9E2CB2A2BF72745E88DA77F7 /* MatchResultsView.swift */,
				C108E4CE5C102CCE9959EC97 /* RewardSummaryView.swift */,
				9394D5413254E5771A88AB1E /* WinnerCelebrationView.swift */,
			);
			path = Results;
			sourceTree = "<group>";
		};
		97062AA1BF9392B5716512F5 /* Components */ = {
			isa = PBXGroup;
			children = (
				72B0F72683E14B8D6A0FE27C /* CoinBadge.swift */,
				6DF10D2CF13E4A32395DD3D9 /* GlassPanel.swift */,
				B08CAF98E1C55D1E6B475FE3 /* PrimaryButton.swift */,
				C51A576C70DA7EF2154C2832 /* SecondaryButton.swift */,
				AC1FD0F39E7467A0FE8D34CE /* SectionHeader.swift */,
			);
			path = Components;
			sourceTree = "<group>";
		};
		BBF915B664C1E2D62B033C06 /* Managers */ = {
			isa = PBXGroup;
			children = (
				6BAA37D02EA19E0C52197CDF /* AudioManager.swift */,
				65BF4E976E2ABBC033489E68 /* ChallengeStore.swift */,
				90F4A8688297C4D2D5E1B991 /* GameCenterManager.swift */,
				D657A83AC2161CD19ADDD33E /* HapticManager.swift */,
				7E5DF25125D1D9B327C5CF88 /* LocalScoreboard.swift */,
				B109AE0D2DA3B1DAE5F8F93E /* PersistenceManager.swift */,
				C3B5FEBC4265A8B11B539EA6 /* RewardManager.swift */,
				A2625FBCBD254D9C1770AECA /* TournamentStore.swift */,
			);
			path = Managers;
			sourceTree = "<group>";
		};
		C110D6FC7671BF176512CE78 /* CupClashTests */ = {
			isa = PBXGroup;
			children = (
				E271FE95F250E2B0206F394B /* AudioAssetsTests.swift */,
				040F5D2944150F8468543EE3 /* CareerFeaturesTests.swift */,
				70EA4917CD79595C9E98BF99 /* CosmeticAndAITests.swift */,
				B60A4B1A336F96054AF432F8 /* DifficultyBalanceTests.swift */,
				FFB378E88D16EDF56BFC207B /* MatchRulesTests.swift */,
				3ADE9C3AD58C0CDE79751918 /* MissHintTests.swift */,
				8DD2DBA56840888C8B4E47F1 /* ProgressionTests.swift */,
				F39373D810323FBED7807286 /* RewardTests.swift */,
				B2491FFBB29CADEF63ACCC49 /* TournamentAndChallengeTests.swift */,
			);
			path = CupClashTests;
			sourceTree = "<group>";
		};
		C660211E54AF1BCAE3C50196 /* Settings */ = {
			isa = PBXGroup;
			children = (
				4FD75BEDA0EF133BD7E26E22 /* SettingsView.swift */,
			);
			path = Settings;
			sourceTree = "<group>";
		};
		C8986B598E633501D14075FA /* Gameplay */ = {
			isa = PBXGroup;
			children = (
				49FF91BD0266B49D77EF9D84 /* AimPowerControl.swift */,
				0B369A196C21A5B8D0F824D2 /* GameplayHUD.swift */,
				D48DF815CD1DA6A7C2E6E012 /* GameplayView.swift */,
				E07F5426BCE536F1824EB77B /* PauseMenuView.swift */,
				3A431762AEE2387F5384C5C7 /* ShotResultView.swift */,
				9EAD96DB18E62BD8BA9DB043 /* TurnBannerView.swift */,
			);
			path = Gameplay;
			sourceTree = "<group>";
		};
		CAD69DEFDDD432BCB4C6521D /* Utilities */ = {
			isa = PBXGroup;
			children = (
				2D6F9FBF1F0AA4435F11AB6B /* AppConstants.swift */,
				BBA998D630ABA4C5AA719F64 /* DesignSystem.swift */,
				7B52AA6332D073121F206D40 /* Extensions.swift */,
				C6B06E0B0FFB60C334112B8D /* FormationLayout.swift */,
				71916680471DFAEEE63355A1 /* ProceduralMeshes.swift */,
				2CF99691BBDDEFEF241581B6 /* ProgressionMath.swift */,
			);
			path = Utilities;
			sourceTree = "<group>";
		};
		F1519630645879B60CBB3A4D /* Resources */ = {
			isa = PBXGroup;
			children = (
				AF89E19E7EBEE6C5DDA5FCB2 /* Assets.xcassets */,
				1EA504619B8AD2D7A46E1A94 /* CupClash.entitlements */,
				5FCEC0CD923BCC8893F62039 /* Info.plist */,
				500BE6C9739BAE3DA7EA5FF3 /* PrivacyInfo.xcprivacy */,
				03A95F3388EFB07AC1AB6F49 /* Audio */,
			);
			path = Resources;
			sourceTree = "<group>";
		};
		FFF7B95B9FACCF86FA2F43E3 /* Locker */ = {
			isa = PBXGroup;
			children = (
				6E8F8FB915542E5A72022E5D /* ArenaStyleCard.swift */,
				8ADB4572847E26F53662BBB3 /* BallStyleCard.swift */,
				2DA1D2DFB04F6A3AECDBB20B /* CupStyleCard.swift */,
				A6CFA49A2CF998EFED5E2AC3 /* LockerView.swift */,
			);
			path = Locker;
			sourceTree = "<group>";
		};
/* End PBXGroup section */

/* Begin PBXNativeTarget section */
		985D7ACC1C6ED31EA340521A /* CupClashTests */ = {
			isa = PBXNativeTarget;
			buildConfigurationList = F935FF3155C92E14D87406D7 /* Build configuration list for PBXNativeTarget "CupClashTests" */;
			buildPhases = (
				711B0D6296A9DB2DF6770255 /* Sources */,
			);
			buildRules = (
			);
			dependencies = (
				A9D9CDB0AC9D819129DDE9B5 /* PBXTargetDependency */,
			);
			name = CupClashTests;
			packageProductDependencies = (
			);
			productName = CupClashTests;
			productReference = D44E90282BD38117FF84EDCA /* CupClashTests.xctest */;
			productType = "com.apple.product-type.bundle.unit-test";
		};
		C4DC1D4513B6FCDD2A1C2713 /* CupClash */ = {
			isa = PBXNativeTarget;
			buildConfigurationList = 2B8BF4639839D09F9C85A357 /* Build configuration list for PBXNativeTarget "CupClash" */;
			buildPhases = (
				FE6B5DC8D80D20358E3C9F77 /* Sources */,
				680C488D699EA406B76B3332 /* Resources */,
				9C8ABC80CC66619196086639 /* Frameworks */,
			);
			buildRules = (
			);
			dependencies = (
			);
			name = CupClash;
			packageProductDependencies = (
			);
			productName = CupClash;
			productReference = 74D8FBCA430A6A917A595F2A /* CupClash.app */;
			productType = "com.apple.product-type.application";
		};
/* End PBXNativeTarget section */

/* Begin PBXProject section */
		AD702CA4D89CDCC7E6F8E832 /* Project object */ = {
			isa = PBXProject;
			attributes = {
				BuildIndependentTargetsInParallel = YES;
				LastUpgradeCheck = 1500;
				TargetAttributes = {
					985D7ACC1C6ED31EA340521A = {
						DevelopmentTeam = 4SQJ3AH62S;
						ProvisioningStyle = Automatic;
					};
					C4DC1D4513B6FCDD2A1C2713 = {
						DevelopmentTeam = 4SQJ3AH62S;
						ProvisioningStyle = Automatic;
					};
				};
			};
			buildConfigurationList = 86674813BBCEC8C564777036 /* Build configuration list for PBXProject "CupClash" */;
			compatibilityVersion = "Xcode 14.0";
			developmentRegion = en;
			hasScannedForEncodings = 0;
			knownRegions = (
				Base,
				en,
			);
			mainGroup = 739FE602B2F06BF17AB55E7A;
			minimizedProjectReferenceProxies = 1;
			preferredProjectObjectVersion = 77;
			projectDirPath = "";
			projectRoot = "";
			targets = (
				C4DC1D4513B6FCDD2A1C2713 /* CupClash */,
				985D7ACC1C6ED31EA340521A /* CupClashTests */,
			);
		};
/* End PBXProject section */

/* Begin PBXResourcesBuildPhase section */
		680C488D699EA406B76B3332 /* Resources */ = {
			isa = PBXResourcesBuildPhase;
			buildActionMask = 2147483647;
			files = (
				C95AD6F70403664B274C515D /* Assets.xcassets in Resources */,
				FADA35415D08DE9EC334F962 /* PrivacyInfo.xcprivacy in Resources */,
				CEDBC90363DF653C2F87F2BD /* music_ambient.wav in Resources */,
				F6250D7595399E55F731850E /* sfx_button.wav in Resources */,
				6602B0936C2C2172B9B21941 /* sfx_coins.wav in Resources */,
				6905C8EB08C27B852F6F4BDD /* sfx_defeat.wav in Resources */,
				B7A272E2F4AC3FA563F9127D /* sfx_levelup.wav in Resources */,
				CB0D2BF9DAA547A7DCC68C79 /* sfx_made.wav in Resources */,
				B854156E5047F8344F2710B8 /* sfx_miss.wav in Resources */,
				97D7D64D787C0BB838C926BE /* sfx_rim.wav in Resources */,
				5AFC49E299A3D4386FAC4CF9 /* sfx_table.wav in Resources */,
				67EC44C03F6EDD75DD2A1638 /* sfx_throw.wav in Resources */,
				B8337E35DAB509B18FF6F095 /* sfx_turn.wav in Resources */,
				75AD4B7775843458213DAC32 /* sfx_victory.wav in Resources */,
			);
			runOnlyForDeploymentPostprocessing = 0;
		};
/* End PBXResourcesBuildPhase section */

/* Begin PBXSourcesBuildPhase section */
		711B0D6296A9DB2DF6770255 /* Sources */ = {
			isa = PBXSourcesBuildPhase;
			buildActionMask = 2147483647;
			files = (
				FD9257E4234D0ADD50C0DE46 /* AudioAssetsTests.swift in Sources */,
				9A1825C512870BB2E01FE83F /* CareerFeaturesTests.swift in Sources */,
				4F52E409406A8BF9C3FD2671 /* CosmeticAndAITests.swift in Sources */,
				528B1E2FE320D3AEB522E962 /* DifficultyBalanceTests.swift in Sources */,
				F06FBFEBC9A1766E8D9F3AEF /* MatchRulesTests.swift in Sources */,
				AEC783018E94B39DE5B247B5 /* MissHintTests.swift in Sources */,
				F319469A6AE1777CB3859871 /* ProgressionTests.swift in Sources */,
				43117E7F78F67E8229FC00A4 /* RewardTests.swift in Sources */,
				C5BE505D2A4656BB46635AF3 /* TournamentAndChallengeTests.swift in Sources */,
			);
			runOnlyForDeploymentPostprocessing = 0;
		};
		FE6B5DC8D80D20358E3C9F77 /* Sources */ = {
			isa = PBXSourcesBuildPhase;
			buildActionMask = 2147483647;
			files = (
				66830270E050B957164709F9 /* AIPlayerController.swift in Sources */,
				8535724EF40EDE98BA0B80BC /* AchievementDefinition.swift in Sources */,
				32E4E467AABECAA4AE2CFD6B /* AchievementsView.swift in Sources */,
				08BE6A9AE5B68497FE2F9089 /* AimAssistPolicy.swift in Sources */,
				7B0C1D4B54C1FDA50098FBED /* AimPowerControl.swift in Sources */,
				2E659A24394128833EA81B6A /* AppConstants.swift in Sources */,
				6D0CD6C5F7420DA46120F4F4 /* AppRouter.swift in Sources */,
				932A23E38C48BA6F74AADC27 /* ArenaFactory.swift in Sources */,
				99D6FFF4BCA1A93818C7F18A /* ArenaStyle.swift in Sources */,
				F3A8681DD5C45A643A919091 /* ArenaStyleCard.swift in Sources */,
				6890D8C15134EC7E2573ABCA /* AudioManager.swift in Sources */,
				E3E4D0489E28D9E515B57DD3 /* BallFactory.swift in Sources */,
				ACD68D506CDFA2607D41CBD9 /* BallStyle.swift in Sources */,
				140692502F41451DEC447095 /* BallStyleCard.swift in Sources */,
				110928C157F9E9F9F290B3A4 /* ChallengeDefinition.swift in Sources */,
				114CC95C0B49F76F58782B9B /* ChallengeStore.swift in Sources */,
				CBCDF46ED3C1D561F4074972 /* ChallengesView.swift in Sources */,
				A908C7BCB5B35FC00F33576E /* CoinBadge.swift in Sources */,
				224BC31D41DBC96974B0B554 /* CollisionGroups.swift in Sources */,
				9ED9FBD8A64A671317EB0294 /* CupClashApp.swift in Sources */,
				5B2C969B351ED50FB481D5AF /* CupClashGameView.swift in Sources */,
				929353B59491877963175BE1 /* CupCountPicker.swift in Sources */,
				BA5C7283ADD90A8453E30370 /* CupData.swift in Sources */,
				0B04F16C677ECE147409A866 /* CupFactory.swift in Sources */,
				4745F43F606F77B400C9910C /* CupRackBuilder.swift in Sources */,
				77DF2460F576CA6D372B6A88 /* CupStyle.swift in Sources */,
				77CB433A3A83AFEEA2BE1274 /* CupStyleCard.swift in Sources */,
				8474137A6543EA04071E239C /* DailyChallenge.swift in Sources */,
				CC52AFBD824CCB6227B4C1AA /* DesignSystem.swift in Sources */,
				73D6F0A5673C029A9330B17B /* DifficultyPicker.swift in Sources */,
				A79AB2529148140532ED8053 /* Extensions.swift in Sources */,
				4C1567AB07EE8F4C6296CC9B /* FormationLayout.swift in Sources */,
				A78B254A8ACE036C01377673 /* FormationPicker.swift in Sources */,
				7D06D71B1814AD6C144AB7BC /* GameCameraController.swift in Sources */,
				F97F2C14FB4EFEA413C51240 /* GameCenterManager.swift in Sources */,
				1D10BC1302BB3EAAFB632B93 /* GameCenterSocialPanel.swift in Sources */,
				DFA8983C91393CA068B077BA /* GameCoordinator.swift in Sources */,
				8A6AC482AB5A54C369649B22 /* GameSceneController.swift in Sources */,
				6ACE9B342097FD91B150326D /* GameSettings.swift in Sources */,
				B0614099241FE138F9420E26 /* GameplayHUD.swift in Sources */,
				D47870A3F6F1AD98D38F1DE7 /* GameplayView.swift in Sources */,
				2FF318E9D93A5CF2BDB05A82 /* GlassPanel.swift in Sources */,
				0631B35B81718FDB4AA4FE16 /* HapticManager.swift in Sources */,
				12C7ADC112A2542DD140735A /* HomeView.swift in Sources */,
				4D4305F937816499D8D98CA1 /* HowToPlayView.swift in Sources */,
				D1BC5883BF63A9C78646C4CE /* LeaderboardDefinition.swift in Sources */,
				531907D9C3F9579F68DFC25F /* LeaderboardsView.swift in Sources */,
				560511FFC4B13F2DDB7AAA09 /* LevelProgressView.swift in Sources */,
				5E7B9EB3A239FCE6DDE568E7 /* LocalScoreboard.swift in Sources */,
				3AD362AAF8AC7D6B68D35A34 /* LockerView.swift in Sources */,
				6EE700AB806E4125C6E86A64 /* MatchConfiguration.swift in Sources */,
				B7082485805F11D9ED62641B /* MatchResult.swift in Sources */,
				8392E0E2EC17FC3C73870340 /* MatchResultsView.swift in Sources */,
				C3420CA3BDEAD00F60EE81B9 /* MatchRulesEngine.swift in Sources */,
				393AFEC50CF4B5075A83DF69 /* MatchSetupView.swift in Sources */,
				20B2399C905E3CF9EA03C077 /* MatchState.swift in Sources */,
				C4C850CA8495EBBB354EEDA3 /* MissHint.swift in Sources */,
				45DB9EF14B1B83042B8B0141 /* ModeCardView.swift in Sources */,
				27A5EBF5C5263AEF0A62ACF7 /* OnlineMatchModels.swift in Sources */,
				A2F012D23BBBF249E933A303 /* PauseMenuView.swift in Sources */,
				1B9CD2B43944355296A1CE99 /* PersistenceManager.swift in Sources */,
				C8AFE8B500B4C880C5FED144 /* PhysicsConfiguration.swift in Sources */,
				77AB0F61FE41E0E08C8E26C4 /* PlayerHeaderView.swift in Sources */,
				28EA950D1E3C26F155CCE37D /* PlayerProfile.swift in Sources */,
				72784479EC180102AC73D263 /* PracticeView.swift in Sources */,
				69AE318989C229C9CDAD180D /* PrimaryButton.swift in Sources */,
				EECF72D5BBC48B83A48F4888 /* ProceduralMeshes.swift in Sources */,
				40815D0CE0749AB43A948444 /* ProfileView.swift in Sources */,
				CAFBB8710DD301954EE70CD0 /* ProgressionMath.swift in Sources */,
				7E0A1BFB761FA839722CF04D /* RealityGameContainer.swift in Sources */,
				4A82DF87725823F5D2212522 /* RewardManager.swift in Sources */,
				CF43B0AADEC9F20667D7277F /* RewardSummaryView.swift in Sources */,
				3C9014D8DEF556651EE5EAA5 /* RootView.swift in Sources */,
				E4BBBA9C290881F56CA77024 /* SecondaryButton.swift in Sources */,
				DBF9606885AC7C62A1E73567 /* SectionHeader.swift in Sources */,
				67A007636C0D32A3B51C552C /* SettingsView.swift in Sources */,
				9F53777A2501FA5A3C294280 /* ShotEvaluator.swift in Sources */,
				DF9D32A8C24BCACF3EAAB6A5 /* ShotResultView.swift in Sources */,
				7F9FAE308055C7029BC33E06 /* StatisticsView.swift in Sources */,
				04DA84EF05F144F8906E41BB /* TableFactory.swift in Sources */,
				49052E8E91679D19778D9D44 /* ThrowInputController.swift in Sources */,
				0B55B2E3C43A6530203143F5 /* Tournament.swift in Sources */,
				99A5EC6A6C4020B4D018E65D /* TournamentHubView.swift in Sources */,
				7088C1B14705256C69A42870 /* TournamentStore.swift in Sources */,
				47358862DE3098C83A70703F /* TrajectoryCalculator.swift in Sources */,
				DFA0957A3E8579991DD8FF05 /* TurnBannerView.swift in Sources */,
				0CEF18B460AEF8F3DEDAC870 /* WinnerCelebrationView.swift in Sources */,
			);
			runOnlyForDeploymentPostprocessing = 0;
		};
/* End PBXSourcesBuildPhase section */

/* Begin PBXTargetDependency section */
		A9D9CDB0AC9D819129DDE9B5 /* PBXTargetDependency */ = {
			isa = PBXTargetDependency;
			target = C4DC1D4513B6FCDD2A1C2713 /* CupClash */;
			targetProxy = 5F6C715C158786B06372DCC9 /* PBXContainerItemProxy */;
		};
/* End PBXTargetDependency section */

/* Begin XCBuildConfiguration section */
		509385DEDC70A460AEEA57F1 /* Debug */ = {
			isa = XCBuildConfiguration;
			buildSettings = {
				BUNDLE_LOADER = "$(TEST_HOST)";
				GENERATE_INFOPLIST_FILE = YES;
				LD_RUNPATH_SEARCH_PATHS = (
					"$(inherited)",
					"@executable_path/Frameworks",
					"@loader_path/Frameworks",
				);
				PRODUCT_BUNDLE_IDENTIFIER = com.bradleyvirtualsolutions.cupclash.tests;
				SDKROOT = iphoneos;
				SWIFT_STRICT_CONCURRENCY = complete;
				TARGETED_DEVICE_FAMILY = "1,2";
				TEST_HOST = "$(BUILT_PRODUCTS_DIR)/CupClash.app/$(BUNDLE_EXECUTABLE_FOLDER_PATH)/CupClash";
			};
			name = Debug;
		};
		592305362C4B40E998DDD8FE /* Debug */ = {
			isa = XCBuildConfiguration;
			buildSettings = {
				ALWAYS_SEARCH_USER_PATHS = NO;
				CLANG_ANALYZER_NONNULL = YES;
				CLANG_ANALYZER_NUMBER_OBJECT_CONVERSION = YES_AGGRESSIVE;
				CLANG_CXX_LANGUAGE_STANDARD = "gnu++14";
				CLANG_CXX_LIBRARY = "libc++";
				CLANG_ENABLE_MODULES = YES;
				CLANG_ENABLE_OBJC_ARC = YES;
				CLANG_ENABLE_OBJC_WEAK = YES;
				CLANG_WARN_BLOCK_CAPTURE_AUTORELEASING = YES;
				CLANG_WARN_BOOL_CONVERSION = YES;
				CLANG_WARN_COMMA = YES;
				CLANG_WARN_CONSTANT_CONVERSION = YES;
				CLANG_WARN_DEPRECATED_OBJC_IMPLEMENTATIONS = YES;
				CLANG_WARN_DIRECT_OBJC_ISA_USAGE = YES_ERROR;
				CLANG_WARN_DOCUMENTATION_COMMENTS = YES;
				CLANG_WARN_EMPTY_BODY = YES;
				CLANG_WARN_ENUM_CONVERSION = YES;
				CLANG_WARN_INFINITE_RECURSION = YES;
				CLANG_WARN_INT_CONVERSION = YES;
				CLANG_WARN_NON_LITERAL_NULL_CONVERSION = YES;
				CLANG_WARN_OBJC_IMPLICIT_RETAIN_SELF = YES;
				CLANG_WARN_OBJC_LITERAL_CONVERSION = YES;
				CLANG_WARN_OBJC_ROOT_CLASS = YES_ERROR;
				CLANG_WARN_QUOTED_INCLUDE_IN_FRAMEWORK_HEADER = YES;
				CLANG_WARN_RANGE_LOOP_ANALYSIS = YES;
				CLANG_WARN_STRICT_PROTOTYPES = YES;
				CLANG_WARN_SUSPICIOUS_MOVE = YES;
				CLANG_WARN_UNGUARDED_AVAILABILITY = YES_AGGRESSIVE;
				CLANG_WARN_UNREACHABLE_CODE = YES;
				CLANG_WARN__DUPLICATE_METHOD_MATCH = YES;
				CODE_SIGN_STYLE = Automatic;
				COPY_PHASE_STRIP = NO;
				DEBUG_INFORMATION_FORMAT = dwarf;
				DEVELOPMENT_TEAM = 4SQJ3AH62S;
				ENABLE_STRICT_OBJC_MSGSEND = YES;
				ENABLE_TESTABILITY = YES;
				GCC_C_LANGUAGE_STANDARD = gnu11;
				GCC_DYNAMIC_NO_PIC = NO;
				GCC_NO_COMMON_BLOCKS = YES;
				GCC_OPTIMIZATION_LEVEL = 0;
				GCC_PREPROCESSOR_DEFINITIONS = (
					"$(inherited)",
					"DEBUG=1",
				);
				GCC_WARN_64_TO_32_BIT_CONVERSION = YES;
				GCC_WARN_ABOUT_RETURN_TYPE = YES_ERROR;
				GCC_WARN_UNDECLARED_SELECTOR = YES;
				GCC_WARN_UNINITIALIZED_AUTOS = YES_AGGRESSIVE;
				GCC_WARN_UNUSED_FUNCTION = YES;
				GCC_WARN_UNUSED_VARIABLE = YES;
				IPHONEOS_DEPLOYMENT_TARGET = 17.0;
				MTL_ENABLE_DEBUG_INFO = INCLUDE_SOURCE;
				MTL_FAST_MATH = YES;
				ONLY_ACTIVE_ARCH = YES;
				PRODUCT_NAME = "$(TARGET_NAME)";
				SDKROOT = iphoneos;
				SWIFT_ACTIVE_COMPILATION_CONDITIONS = DEBUG;
				SWIFT_OPTIMIZATION_LEVEL = "-Onone";
				SWIFT_VERSION = 6.0;
			};
			name = Debug;
		};
		93AF8DECD1396D942B859404 /* Release */ = {
			isa = XCBuildConfiguration;
			buildSettings = {
				BUNDLE_LOADER = "$(TEST_HOST)";
				GENERATE_INFOPLIST_FILE = YES;
				LD_RUNPATH_SEARCH_PATHS = (
					"$(inherited)",
					"@executable_path/Frameworks",
					"@loader_path/Frameworks",
				);
				PRODUCT_BUNDLE_IDENTIFIER = com.bradleyvirtualsolutions.cupclash.tests;
				SDKROOT = iphoneos;
				SWIFT_STRICT_CONCURRENCY = complete;
				TARGETED_DEVICE_FAMILY = "1,2";
				TEST_HOST = "$(BUILT_PRODUCTS_DIR)/CupClash.app/$(BUNDLE_EXECUTABLE_FOLDER_PATH)/CupClash";
			};
			name = Release;
		};
		C2B10CD6FACB6DC843F1BB6E /* Release */ = {
			isa = XCBuildConfiguration;
			buildSettings = {
				ASSETCATALOG_COMPILER_APPICON_NAME = AppIcon;
				ASSETCATALOG_COMPILER_GLOBAL_ACCENT_COLOR_NAME = AccentColor;
				CODE_SIGN_ENTITLEMENTS = CupClash/Resources/CupClash.entitlements;
				CODE_SIGN_IDENTITY = "iPhone Developer";
				CURRENT_PROJECT_VERSION = 5;
				ENABLE_PREVIEWS = YES;
				GENERATE_INFOPLIST_FILE = YES;
				INFOPLIST_FILE = CupClash/Resources/Info.plist;
				INFOPLIST_KEY_CFBundleDisplayName = "Cup Clash";
				INFOPLIST_KEY_LSApplicationCategoryType = "public.app-category.arcade-games";
				INFOPLIST_KEY_NSGKFriendListUsageDescription = "Cup Clash uses your Game Center friends so you can send friend invites and compare tournament and challenge ranks.";
				INFOPLIST_KEY_NSHumanReadableCopyright = "Created by Ronell Bradley. Property of Bradley Virtual Solutions, LLC.";
				INFOPLIST_KEY_UIApplicationSupportsIndirectInputEvents = YES;
				INFOPLIST_KEY_UILaunchScreen_Generation = YES;
				INFOPLIST_KEY_UIRequiresFullScreen = YES;
				INFOPLIST_KEY_UISupportedInterfaceOrientations = UIInterfaceOrientationPortrait;
				INFOPLIST_KEY_UISupportedInterfaceOrientations_iPad = "UIInterfaceOrientationPortrait UIInterfaceOrientationPortraitUpsideDown";
				LD_RUNPATH_SEARCH_PATHS = (
					"$(inherited)",
					"@executable_path/Frameworks",
				);
				MARKETING_VERSION = 1.0;
				PRODUCT_BUNDLE_IDENTIFIER = com.bradleyvirtualsolutions.cupclash;
				PRODUCT_NAME = CupClash;
				SDKROOT = iphoneos;
				SUPPORTS_XR_DESIGNED_FOR_IPHONE_IPAD = NO;
				SWIFT_STRICT_CONCURRENCY = complete;
				TARGETED_DEVICE_FAMILY = "1,2";
			};
			name = Release;
		};
		DC4F265170E106E74B12069A /* Release */ = {
			isa = XCBuildConfiguration;
			buildSettings = {
				ALWAYS_SEARCH_USER_PATHS = NO;
				CLANG_ANALYZER_NONNULL = YES;
				CLANG_ANALYZER_NUMBER_OBJECT_CONVERSION = YES_AGGRESSIVE;
				CLANG_CXX_LANGUAGE_STANDARD = "gnu++14";
				CLANG_CXX_LIBRARY = "libc++";
				CLANG_ENABLE_MODULES = YES;
				CLANG_ENABLE_OBJC_ARC = YES;
				CLANG_ENABLE_OBJC_WEAK = YES;
				CLANG_WARN_BLOCK_CAPTURE_AUTORELEASING = YES;
				CLANG_WARN_BOOL_CONVERSION = YES;
				CLANG_WARN_COMMA = YES;
				CLANG_WARN_CONSTANT_CONVERSION = YES;
				CLANG_WARN_DEPRECATED_OBJC_IMPLEMENTATIONS = YES;
				CLANG_WARN_DIRECT_OBJC_ISA_USAGE = YES_ERROR;
				CLANG_WARN_DOCUMENTATION_COMMENTS = YES;
				CLANG_WARN_EMPTY_BODY = YES;
				CLANG_WARN_ENUM_CONVERSION = YES;
				CLANG_WARN_INFINITE_RECURSION = YES;
				CLANG_WARN_INT_CONVERSION = YES;
				CLANG_WARN_NON_LITERAL_NULL_CONVERSION = YES;
				CLANG_WARN_OBJC_IMPLICIT_RETAIN_SELF = YES;
				CLANG_WARN_OBJC_LITERAL_CONVERSION = YES;
				CLANG_WARN_OBJC_ROOT_CLASS = YES_ERROR;
				CLANG_WARN_QUOTED_INCLUDE_IN_FRAMEWORK_HEADER = YES;
				CLANG_WARN_RANGE_LOOP_ANALYSIS = YES;
				CLANG_WARN_STRICT_PROTOTYPES = YES;
				CLANG_WARN_SUSPICIOUS_MOVE = YES;
				CLANG_WARN_UNGUARDED_AVAILABILITY = YES_AGGRESSIVE;
				CLANG_WARN_UNREACHABLE_CODE = YES;
				CLANG_WARN__DUPLICATE_METHOD_MATCH = YES;
				CODE_SIGN_STYLE = Automatic;
				COPY_PHASE_STRIP = NO;
				DEBUG_INFORMATION_FORMAT = "dwarf-with-dsym";
				DEVELOPMENT_TEAM = 4SQJ3AH62S;
				ENABLE_NS_ASSERTIONS = NO;
				ENABLE_STRICT_OBJC_MSGSEND = YES;
				GCC_C_LANGUAGE_STANDARD = gnu11;
				GCC_NO_COMMON_BLOCKS = YES;
				GCC_WARN_64_TO_32_BIT_CONVERSION = YES;
				GCC_WARN_ABOUT_RETURN_TYPE = YES_ERROR;
				GCC_WARN_UNDECLARED_SELECTOR = YES;
				GCC_WARN_UNINITIALIZED_AUTOS = YES_AGGRESSIVE;
				GCC_WARN_UNUSED_FUNCTION = YES;
				GCC_WARN_UNUSED_VARIABLE = YES;
				IPHONEOS_DEPLOYMENT_TARGET = 17.0;
				MTL_ENABLE_DEBUG_INFO = NO;
				MTL_FAST_MATH = YES;
				PRODUCT_NAME = "$(TARGET_NAME)";
				SDKROOT = iphoneos;
				SWIFT_COMPILATION_MODE = wholemodule;
				SWIFT_OPTIMIZATION_LEVEL = "-O";
				SWIFT_VERSION = 6.0;
			};
			name = Release;
		};
		DFA177E602551B0ED9E729B8 /* Debug */ = {
			isa = XCBuildConfiguration;
			buildSettings = {
				ASSETCATALOG_COMPILER_APPICON_NAME = AppIcon;
				ASSETCATALOG_COMPILER_GLOBAL_ACCENT_COLOR_NAME = AccentColor;
				CODE_SIGN_ENTITLEMENTS = CupClash/Resources/CupClash.entitlements;
				CODE_SIGN_IDENTITY = "iPhone Developer";
				CURRENT_PROJECT_VERSION = 5;
				ENABLE_PREVIEWS = YES;
				GENERATE_INFOPLIST_FILE = YES;
				INFOPLIST_FILE = CupClash/Resources/Info.plist;
				INFOPLIST_KEY_CFBundleDisplayName = "Cup Clash";
				INFOPLIST_KEY_LSApplicationCategoryType = "public.app-category.arcade-games";
				INFOPLIST_KEY_NSGKFriendListUsageDescription = "Cup Clash uses your Game Center friends so you can send friend invites and compare tournament and challenge ranks.";
				INFOPLIST_KEY_NSHumanReadableCopyright = "Created by Ronell Bradley. Property of Bradley Virtual Solutions, LLC.";
				INFOPLIST_KEY_UIApplicationSupportsIndirectInputEvents = YES;
				INFOPLIST_KEY_UILaunchScreen_Generation = YES;
				INFOPLIST_KEY_UIRequiresFullScreen = YES;
				INFOPLIST_KEY_UISupportedInterfaceOrientations = UIInterfaceOrientationPortrait;
				INFOPLIST_KEY_UISupportedInterfaceOrientations_iPad = "UIInterfaceOrientationPortrait UIInterfaceOrientationPortraitUpsideDown";
				LD_RUNPATH_SEARCH_PATHS = (
					"$(inherited)",
					"@executable_path/Frameworks",
				);
				MARKETING_VERSION = 1.0;
				PRODUCT_BUNDLE_IDENTIFIER = com.bradleyvirtualsolutions.cupclash;
				PRODUCT_NAME = CupClash;
				SDKROOT = iphoneos;
				SUPPORTS_XR_DESIGNED_FOR_IPHONE_IPAD = NO;
				SWIFT_STRICT_CONCURRENCY = complete;
				TARGETED_DEVICE_FAMILY = "1,2";
			};
			name = Debug;
		};
/* End XCBuildConfiguration section */

/* Begin XCConfigurationList section */
		2B8BF4639839D09F9C85A357 /* Build configuration list for PBXNativeTarget "CupClash" */ = {
			isa = XCConfigurationList;
			buildConfigurations = (
				DFA177E602551B0ED9E729B8 /* Debug */,
				C2B10CD6FACB6DC843F1BB6E /* Release */,
			);
			defaultConfigurationIsVisible = 0;
			defaultConfigurationName = Debug;
		};
		86674813BBCEC8C564777036 /* Build configuration list for PBXProject "CupClash" */ = {
			isa = XCConfigurationList;
			buildConfigurations = (
				592305362C4B40E998DDD8FE /* Debug */,
				DC4F265170E106E74B12069A /* Release */,
			);
			defaultConfigurationIsVisible = 0;
			defaultConfigurationName = Debug;
		};
		F935FF3155C92E14D87406D7 /* Build configuration list for PBXNativeTarget "CupClashTests" */ = {
			isa = XCConfigurationList;
			buildConfigurations = (
				509385DEDC70A460AEEA57F1 /* Debug */,
				93AF8DECD1396D942B859404 /* Release */,
			);
			defaultConfigurationIsVisible = 0;
			defaultConfigurationName = Debug;
		};
/* End XCConfigurationList section */
	};
	rootObject = AD702CA4D89CDCC7E6F8E832 /* Project object */;
}
